
Microsoft Visual Studio Solution File, Format Version 12.00
# Visual Studio Version 16
VisualStudioVersion = 16.0.30011.22
MinimumVisualStudioVersion = 10.0.40219.1
Project("{9A19103F-16F7-4668-BE54-9A1E7A4F7556}") = "SingletonPatternEx1", "SingletonPatternEx1\SingletonPatternEx1.csproj", "{5F06527A-3D58-434D-88D7-B0CF50A9E708}"
EndProject
Project("{9A19103F-16F7-4668-BE54-9A1E7A4F7556}") = "SingletonPatternEx2", "SingletonPatternEx2\SingletonPatternEx2.csproj", "{237B6199-D56D-4282-9E1D-6E005C2769C3}"
EndProject
Project("{2150E333-8FDC-42A3-9474-1A3956D46DE8}") = "SingletonPattern", "SingletonPattern", "{B340D76E-6611-484B-AAE6-B15B66ACC7D1}"
EndProject
Project("{9A19103F-16F7-4668-BE54-9A1E7A4F7556}") = "AbstractFactoryExa1", "AbstractFactoryExa1\AbstractFactoryExa1.csproj", "{A7A96DC1-D010-4AA1-95DE-CC3E4D0379D5}"
EndProject
Project("{2150E333-8FDC-42A3-9474-1A3956D46DE8}") = "AbstractFactory", "AbstractFactory", "{CD90935C-B7B2-4C82-994E-A25A9807DD17}"
EndProject
Project("{9A19103F-16F7-4668-BE54-9A1E7A4F7556}") = "AbstractFactoryExa2", "AbstractFactoryExa2\AbstractFactoryExa2.csproj", "{98BF6B39-5588-4AE8-9424-E3CBB7D0CFCD}"
EndProject
Project("{9A19103F-16F7-4668-BE54-9A1E7A4F7556}") = "BuilderPatternExa1", "BuilderPatternExa1\BuilderPatternExa1.csproj", "{4AB14AFF-1983-4AE2-902F-CE98D253D9EE}"
EndProject
Project("{2150E333-8FDC-42A3-9474-1A3956D46DE8}") = "BuilderPattern", "BuilderPattern", "{F93CA537-2058-4944-B19F-39F568F4F4BB}"
EndProject
Project("{9A19103F-16F7-4668-BE54-9A1E7A4F7556}") = "BuilderExa2", "Builder\BuilderExa2.csproj", "{5242AB63-196B-4C33-AD8D-75BF98945C1A}"
EndProject
Project("{9A19103F-16F7-4668-BE54-9A1E7A4F7556}") = "BuilderPatternExa3", "BuilderPatternExa3\BuilderPatternExa3.csproj", "{7460CDD4-9664-4B92-85E7-A21A04518B20}"
EndProject
Project("{9A19103F-16F7-4668-BE54-9A1E7A4F7556}") = "BuilderPatternExa4", "BuilderPatternExa4\BuilderPatternExa4.csproj", "{A8C6B7C5-426D-402F-884F-4FB8DC9FC8FA}"
EndProject
Project("{9A19103F-16F7-4668-BE54-9A1E7A4F7556}") = "BuildPatternExa5", "BuildPatternExa5\BuildPatternExa5.csproj", "{590AC033-3326-4E59-9E5C-FA17827CE276}"
EndProject
Project("{9A19103F-16F7-4668-BE54-9A1E7A4F7556}") = "FactoryMethodExa1", "FactoryMethodExa1\FactoryMethodExa1.csproj", "{676024FA-E9CC-4AD1-A6B2-BF39F5DF8400}"
EndProject
Project("{2150E333-8FDC-42A3-9474-1A3956D46DE8}") = "FactoryMethod", "FactoryMethod", "{867BFBCB-5E38-4AF1-8F86-A96DF0AF0C30}"
EndProject
Project("{9A19103F-16F7-4668-BE54-9A1E7A4F7556}") = "FactoryMethodExa2", "FactoryMethodExa2\FactoryMethodExa2.csproj", "{45A3319F-5C99-426E-81AC-0A62BAE96BD8}"
EndProject
Project("{9A19103F-16F7-4668-BE54-9A1E7A4F7556}") = "PrototypeExa1", "PrototypeExa1\PrototypeExa1.csproj", "{AABE2139-7E54-4736-ABAF-90D671EC53C5}"
EndProject
Project("{2150E333-8FDC-42A3-9474-1A3956D46DE8}") = "Prototype", "Prototype", "{B3ADE248-E9F9-450A-93D0-543C15F281DB}"
EndProject
Project("{9A19103F-16F7-4668-BE54-9A1E7A4F7556}") = "PrototypeExa2", "PrototypeExa2\PrototypeExa2.csproj", "{8A43C5FB-69C6-4E3A-AF2B-05E7C6FACFBF}"
EndProject
Project("{2150E333-8FDC-42A3-9474-1A3956D46DE8}") = "1. Patrones de diseño", "1. Patrones de diseño", "{61FE4416-B352-467C-B5BA-6E2128FDB56E}"
EndProject
Project("{9A19103F-16F7-4668-BE54-9A1E7A4F7556}") = "AdapterExa1", "Adapter\AdapterExa1.csproj", "{F056DD52-9693-46F7-97AC-39ED872D5A6F}"
EndProject
Project("{9A19103F-16F7-4668-BE54-9A1E7A4F7556}") = "AdapterExa2", "AdapterExa2\AdapterExa2.csproj", "{C78A779F-C0BF-47F3-99D8-189BABC50DE4}"
EndProject
Project("{2150E333-8FDC-42A3-9474-1A3956D46DE8}") = "Adapter", "Adapter", "{D74B72AD-F9F9-4DD2-91BB-695E368DFA46}"
EndProject
Project("{9A19103F-16F7-4668-BE54-9A1E7A4F7556}") = "BridgeExa1", "BridgeExa1\BridgeExa1.csproj", "{1D3B5A7C-BE27-44B4-BB19-7495C26CD0ED}"
EndProject
Project("{9A19103F-16F7-4668-BE54-9A1E7A4F7556}") = "BridgeExa2", "BridgeExa2\BridgeExa2.csproj", "{692CAABD-2737-43E2-89BF-8597C3ADD31B}"
EndProject
Project("{2150E333-8FDC-42A3-9474-1A3956D46DE8}") = "Bridge", "Bridge", "{00B78E5B-2E9B-410B-9BF5-188D0077F734}"
EndProject
Project("{9A19103F-16F7-4668-BE54-9A1E7A4F7556}") = "CompositeExa01", "CompositeExa01\CompositeExa01.csproj", "{CB572977-D028-4028-9EB9-5AAD2B5306B5}"
EndProject
Project("{2150E333-8FDC-42A3-9474-1A3956D46DE8}") = "Composite", "Composite", "{50CE980D-A140-442C-BB1F-A77E059E4EA4}"
EndProject
Project("{9A19103F-16F7-4668-BE54-9A1E7A4F7556}") = "CompositeExa2", "CompositeExa2\CompositeExa2.csproj", "{14C866F4-7668-466D-9CC0-F4CA60BED5D4}"
EndProject
Project("{9A19103F-16F7-4668-BE54-9A1E7A4F7556}") = "DecoratorExa01", "DecoratorExa01\DecoratorExa01.csproj", "{7F44E949-CCC1-4A64-A346-2016719C6A7B}"
EndProject
Project("{9A19103F-16F7-4668-BE54-9A1E7A4F7556}") = "DecoratorExa02", "DecoratorExa02\DecoratorExa02.csproj", "{98C445CE-65EB-4376-B4F8-6DFF9EA97046}"
EndProject
Project("{9A19103F-16F7-4668-BE54-9A1E7A4F7556}") = "FacadeExa01", "FacadeExa01\FacadeExa01.csproj", "{6BF4E85F-5E87-4C1C-8E76-9C0AAF394C7F}"
EndProject
Project("{2150E333-8FDC-42A3-9474-1A3956D46DE8}") = "Decorator", "Decorator", "{72523245-F046-46DF-BA4B-2590A8AC558C}"
EndProject
Project("{9A19103F-16F7-4668-BE54-9A1E7A4F7556}") = "FacadeExa02", "FacadeExa02\FacadeExa02.csproj", "{854B360C-70B7-4B08-94DB-26E0476A1A8A}"
EndProject
Project("{2150E333-8FDC-42A3-9474-1A3956D46DE8}") = "Facade", "Facade", "{68C1DBF1-FB90-4EF4-A962-86307F684020}"
EndProject
Project("{9A19103F-16F7-4668-BE54-9A1E7A4F7556}") = "FlyweightExa01", "FlyweightExa01\FlyweightExa01.csproj", "{86B4D0B3-FE8A-4745-92D9-64B6A02E8829}"
EndProject
Project("{9A19103F-16F7-4668-BE54-9A1E7A4F7556}") = "FlyweightExa2", "FlyweightExa2\FlyweightExa2.csproj", "{2C996FC2-ED03-49E3-9A02-4CDFB58CBE24}"
EndProject
Project("{2150E333-8FDC-42A3-9474-1A3956D46DE8}") = "Flyweight", "Flyweight", "{9270A24D-91AE-43E2-AE98-D649520F73F4}"
EndProject
Project("{9A19103F-16F7-4668-BE54-9A1E7A4F7556}") = "ProxyExa01", "ProxyExa01\ProxyExa01.csproj", "{33131A48-C429-4BD2-94DB-FFAE885909E8}"
EndProject
Project("{9A19103F-16F7-4668-BE54-9A1E7A4F7556}") = "ProxyExa02", "ProxyExa02\ProxyExa02.csproj", "{15264364-A71C-4826-9EF6-B4A3970FC5A4}"
EndProject
Project("{2150E333-8FDC-42A3-9474-1A3956D46DE8}") = "Proxy", "Proxy", "{154466B9-AA65-478A-8482-43E48827141B}"
EndProject
Project("{2150E333-8FDC-42A3-9474-1A3956D46DE8}") = "2. Patrones de Estructuracion", "2. Patrones de Estructuracion", "{5BF6F4C9-95A6-4426-BBAF-061DEB86A06C}"
EndProject
Project("{9A19103F-16F7-4668-BE54-9A1E7A4F7556}") = "ChainOfResponsability", "ChainOfResponsability\ChainOfResponsability.csproj", "{31B8CDFB-4EF7-4E69-A03C-93527D45CC78}"
EndProject
Project("{9A19103F-16F7-4668-BE54-9A1E7A4F7556}") = "ChainOfResponsabilityExa02", "ChainOfResponsabilityExa02\ChainOfResponsabilityExa02.csproj", "{5CC9F290-F44C-49E7-9761-A3EB51B2DE02}"
EndProject
Project("{2150E333-8FDC-42A3-9474-1A3956D46DE8}") = "Chain of responsibility", "Chain of responsibility", "{CD7B35AF-A068-4812-88F9-9F0D0BE35B13}"
EndProject
Project("{9A19103F-16F7-4668-BE54-9A1E7A4F7556}") = "Command", "Command\Command.csproj", "{C5C92A27-B7D3-4F77-AB4F-6531CFE9496C}"
EndProject
Project("{9A19103F-16F7-4668-BE54-9A1E7A4F7556}") = "CommandExa02", "CommandExa02\CommandExa02.csproj", "{5FEA3897-A725-42EA-B1D9-05682D1F9522}"
EndProject
Project("{9A19103F-16F7-4668-BE54-9A1E7A4F7556}") = "Interpreter", "Interpreter\Interpreter.csproj", "{7C06BE1A-C948-4EF5-8ECF-035D21796FB7}"
EndProject
Project("{9A19103F-16F7-4668-BE54-9A1E7A4F7556}") = "InterpreterExa2", "InterpreterExa2\InterpreterExa2.csproj", "{6568EF72-86DA-4798-A8AB-139FBA698FA8}"
EndProject
Project("{9A19103F-16F7-4668-BE54-9A1E7A4F7556}") = "IteratorExa1", "IteratorExa1\IteratorExa1.csproj", "{91832CA9-81BB-40D7-B0AA-695BCCF10CF4}"
EndProject
Project("{9A19103F-16F7-4668-BE54-9A1E7A4F7556}") = "IteratorExa2", "IteratorExa2\IteratorExa2.csproj", "{8FD7F5AA-6616-4873-A949-6355DEE820E9}"
EndProject
Project("{FAE04EC0-301F-11D3-BF4B-00C04F79EFBC}") = "MediatorExa1", "MediatorExa1\MediatorExa1.csproj", "{11766D2C-93CE-44AC-BEF6-2CD9A098B623}"
EndProject
Project("{FAE04EC0-301F-11D3-BF4B-00C04F79EFBC}") = "MediatorExa2", "MediatorExa2\MediatorExa2.csproj", "{54AF8E19-CF2B-4700-A921-1E6B132AD21C}"
EndProject
Global
	GlobalSection(SolutionConfigurationPlatforms) = preSolution
		Debug|Any CPU = Debug|Any CPU
		Release|Any CPU = Release|Any CPU
	EndGlobalSection
	GlobalSection(ProjectConfigurationPlatforms) = postSolution
		{5F06527A-3D58-434D-88D7-B0CF50A9E708}.Debug|Any CPU.ActiveCfg = Debug|Any CPU
		{5F06527A-3D58-434D-88D7-B0CF50A9E708}.Debug|Any CPU.Build.0 = Debug|Any CPU
		{5F06527A-3D58-434D-88D7-B0CF50A9E708}.Release|Any CPU.ActiveCfg = Release|Any CPU
		{5F06527A-3D58-434D-88D7-B0CF50A9E708}.Release|Any CPU.Build.0 = Release|Any CPU
		{237B6199-D56D-4282-9E1D-6E005C2769C3}.Debug|Any CPU.ActiveCfg = Debug|Any CPU
		{237B6199-D56D-4282-9E1D-6E005C2769C3}.Debug|Any CPU.Build.0 = Debug|Any CPU
		{237B6199-D56D-4282-9E1D-6E005C2769C3}.Release|Any CPU.ActiveCfg = Release|Any CPU
		{237B6199-D56D-4282-9E1D-6E005C2769C3}.Release|Any CPU.Build.0 = Release|Any CPU
		{A7A96DC1-D010-4AA1-95DE-CC3E4D0379D5}.Debug|Any CPU.ActiveCfg = Debug|Any CPU
		{A7A96DC1-D010-4AA1-95DE-CC3E4D0379D5}.Debug|Any CPU.Build.0 = Debug|Any CPU
		{A7A96DC1-D010-4AA1-95DE-CC3E4D0379D5}.Release|Any CPU.ActiveCfg = Release|Any CPU
		{A7A96DC1-D010-4AA1-95DE-CC3E4D0379D5}.Release|Any CPU.Build.0 = Release|Any CPU
		{98BF6B39-5588-4AE8-9424-E3CBB7D0CFCD}.Debug|Any CPU.ActiveCfg = Debug|Any CPU
		{98BF6B39-5588-4AE8-9424-E3CBB7D0CFCD}.Debug|Any CPU.Build.0 = Debug|Any CPU
		{98BF6B39-5588-4AE8-9424-E3CBB7D0CFCD}.Release|Any CPU.ActiveCfg = Release|Any CPU
		{98BF6B39-5588-4AE8-9424-E3CBB7D0CFCD}.Release|Any CPU.Build.0 = Release|Any CPU
		{4AB14AFF-1983-4AE2-902F-CE98D253D9EE}.Debug|Any CPU.ActiveCfg = Debug|Any CPU
		{4AB14AFF-1983-4AE2-902F-CE98D253D9EE}.Debug|Any CPU.Build.0 = Debug|Any CPU
		{4AB14AFF-1983-4AE2-902F-CE98D253D9EE}.Release|Any CPU.ActiveCfg = Release|Any CPU
		{4AB14AFF-1983-4AE2-902F-CE98D253D9EE}.Release|Any CPU.Build.0 = Release|Any CPU
		{5242AB63-196B-4C33-AD8D-75BF98945C1A}.Debug|Any CPU.ActiveCfg = Debug|Any CPU
		{5242AB63-196B-4C33-AD8D-75BF98945C1A}.Debug|Any CPU.Build.0 = Debug|Any CPU
		{5242AB63-196B-4C33-AD8D-75BF98945C1A}.Release|Any CPU.ActiveCfg = Release|Any CPU
		{5242AB63-196B-4C33-AD8D-75BF98945C1A}.Release|Any CPU.Build.0 = Release|Any CPU
		{7460CDD4-9664-4B92-85E7-A21A04518B20}.Debug|Any CPU.ActiveCfg = Debug|Any CPU
		{7460CDD4-9664-4B92-85E7-A21A04518B20}.Debug|Any CPU.Build.0 = Debug|Any CPU
		{7460CDD4-9664-4B92-85E7-A21A04518B20}.Release|Any CPU.ActiveCfg = Release|Any CPU
		{7460CDD4-9664-4B92-85E7-A21A04518B20}.Release|Any CPU.Build.0 = Release|Any CPU
		{A8C6B7C5-426D-402F-884F-4FB8DC9FC8FA}.Debug|Any CPU.ActiveCfg = Debug|Any CPU
		{A8C6B7C5-426D-402F-884F-4FB8DC9FC8FA}.Debug|Any CPU.Build.0 = Debug|Any CPU
		{A8C6B7C5-426D-402F-884F-4FB8DC9FC8FA}.Release|Any CPU.ActiveCfg = Release|Any CPU
		{A8C6B7C5-426D-402F-884F-4FB8DC9FC8FA}.Release|Any CPU.Build.0 = Release|Any CPU
		{590AC033-3326-4E59-9E5C-FA17827CE276}.Debug|Any CPU.ActiveCfg = Debug|Any CPU
		{590AC033-3326-4E59-9E5C-FA17827CE276}.Debug|Any CPU.Build.0 = Debug|Any CPU
		{590AC033-3326-4E59-9E5C-FA17827CE276}.Release|Any CPU.ActiveCfg = Release|Any CPU
		{590AC033-3326-4E59-9E5C-FA17827CE276}.Release|Any CPU.Build.0 = Release|Any CPU
		{676024FA-E9CC-4AD1-A6B2-BF39F5DF8400}.Debug|Any CPU.ActiveCfg = Debug|Any CPU
		{676024FA-E9CC-4AD1-A6B2-BF39F5DF8400}.Debug|Any CPU.Build.0 = Debug|Any CPU
		{676024FA-E9CC-4AD1-A6B2-BF39F5DF8400}.Release|Any CPU.ActiveCfg = Release|Any CPU
		{676024FA-E9CC-4AD1-A6B2-BF39F5DF8400}.Release|Any CPU.Build.0 = Release|Any CPU
		{45A3319F-5C99-426E-81AC-0A62BAE96BD8}.Debug|Any CPU.ActiveCfg = Debug|Any CPU
		{45A3319F-5C99-426E-81AC-0A62BAE96BD8}.Debug|Any CPU.Build.0 = Debug|Any CPU
		{45A3319F-5C99-426E-81AC-0A62BAE96BD8}.Release|Any CPU.ActiveCfg = Release|Any CPU
		{45A3319F-5C99-426E-81AC-0A62BAE96BD8}.Release|Any CPU.Build.0 = Release|Any CPU
		{AABE2139-7E54-4736-ABAF-90D671EC53C5}.Debug|Any CPU.ActiveCfg = Debug|Any CPU
		{AABE2139-7E54-4736-ABAF-90D671EC53C5}.Debug|Any CPU.Build.0 = Debug|Any CPU
		{AABE2139-7E54-4736-ABAF-90D671EC53C5}.Release|Any CPU.ActiveCfg = Release|Any CPU
		{AABE2139-7E54-4736-ABAF-90D671EC53C5}.Release|Any CPU.Build.0 = Release|Any CPU
		{8A43C5FB-69C6-4E3A-AF2B-05E7C6FACFBF}.Debug|Any CPU.ActiveCfg = Debug|Any CPU
		{8A43C5FB-69C6-4E3A-AF2B-05E7C6FACFBF}.Debug|Any CPU.Build.0 = Debug|Any CPU
		{8A43C5FB-69C6-4E3A-AF2B-05E7C6FACFBF}.Release|Any CPU.ActiveCfg = Release|Any CPU
		{8A43C5FB-69C6-4E3A-AF2B-05E7C6FACFBF}.Release|Any CPU.Build.0 = Release|Any CPU
		{F056DD52-9693-46F7-97AC-39ED872D5A6F}.Debug|Any CPU.ActiveCfg = Debug|Any CPU
		{F056DD52-9693-46F7-97AC-39ED872D5A6F}.Debug|Any CPU.Build.0 = Debug|Any CPU
		{F056DD52-9693-46F7-97AC-39ED872D5A6F}.Release|Any CPU.ActiveCfg = Release|Any CPU
		{F056DD52-9693-46F7-97AC-39ED872D5A6F}.Release|Any CPU.Build.0 = Release|Any CPU
		{C78A779F-C0BF-47F3-99D8-189BABC50DE4}.Debug|Any CPU.ActiveCfg = Debug|Any CPU
		{C78A779F-C0BF-47F3-99D8-189BABC50DE4}.Debug|Any CPU.Build.0 = Debug|Any CPU
		{C78A779F-C0BF-47F3-99D8-189BABC50DE4}.Release|Any CPU.ActiveCfg = Release|Any CPU
		{C78A779F-C0BF-47F3-99D8-189BABC50DE4}.Release|Any CPU.Build.0 = Release|Any CPU
		{1D3B5A7C-BE27-44B4-BB19-7495C26CD0ED}.Debug|Any CPU.ActiveCfg = Debug|Any CPU
		{1D3B5A7C-BE27-44B4-BB19-7495C26CD0ED}.Debug|Any CPU.Build.0 = Debug|Any CPU
		{1D3B5A7C-BE27-44B4-BB19-7495C26CD0ED}.Release|Any CPU.ActiveCfg = Release|Any CPU
		{1D3B5A7C-BE27-44B4-BB19-7495C26CD0ED}.Release|Any CPU.Build.0 = Release|Any CPU
		{692CAABD-2737-43E2-89BF-8597C3ADD31B}.Debug|Any CPU.ActiveCfg = Debug|Any CPU
		{692CAABD-2737-43E2-89BF-8597C3ADD31B}.Debug|Any CPU.Build.0 = Debug|Any CPU
		{692CAABD-2737-43E2-89BF-8597C3ADD31B}.Release|Any CPU.ActiveCfg = Release|Any CPU
		{692CAABD-2737-43E2-89BF-8597C3ADD31B}.Release|Any CPU.Build.0 = Release|Any CPU
		{CB572977-D028-4028-9EB9-5AAD2B5306B5}.Debug|Any CPU.ActiveCfg = Debug|Any CPU
		{CB572977-D028-4028-9EB9-5AAD2B5306B5}.Debug|Any CPU.Build.0 = Debug|Any CPU
		{CB572977-D028-4028-9EB9-5AAD2B5306B5}.Release|Any CPU.ActiveCfg = Release|Any CPU
		{CB572977-D028-4028-9EB9-5AAD2B5306B5}.Release|Any CPU.Build.0 = Release|Any CPU
		{14C866F4-7668-466D-9CC0-F4CA60BED5D4}.Debug|Any CPU.ActiveCfg = Debug|Any CPU
		{14C866F4-7668-466D-9CC0-F4CA60BED5D4}.Debug|Any CPU.Build.0 = Debug|Any CPU
		{14C866F4-7668-466D-9CC0-F4CA60BED5D4}.Release|Any CPU.ActiveCfg = Release|Any CPU
		{14C866F4-7668-466D-9CC0-F4CA60BED5D4}.Release|Any CPU.Build.0 = Release|Any CPU
		{7F44E949-CCC1-4A64-A346-2016719C6A7B}.Debug|Any CPU.ActiveCfg = Debug|Any CPU
		{7F44E949-CCC1-4A64-A346-2016719C6A7B}.Debug|Any CPU.Build.0 = Debug|Any CPU
		{7F44E949-CCC1-4A64-A346-2016719C6A7B}.Release|Any CPU.ActiveCfg = Release|Any CPU
		{7F44E949-CCC1-4A64-A346-2016719C6A7B}.Release|Any CPU.Build.0 = Release|Any CPU
		{98C445CE-65EB-4376-B4F8-6DFF9EA97046}.Debug|Any CPU.ActiveCfg = Debug|Any CPU
		{98C445CE-65EB-4376-B4F8-6DFF9EA97046}.Debug|Any CPU.Build.0 = Debug|Any CPU
		{98C445CE-65EB-4376-B4F8-6DFF9EA97046}.Release|Any CPU.ActiveCfg = Release|Any CPU
		{98C445CE-65EB-4376-B4F8-6DFF9EA97046}.Release|Any CPU.Build.0 = Release|Any CPU
		{6BF4E85F-5E87-4C1C-8E76-9C0AAF394C7F}.Debug|Any CPU.ActiveCfg = Debug|Any CPU
		{6BF4E85F-5E87-4C1C-8E76-9C0AAF394C7F}.Debug|Any CPU.Build.0 = Debug|Any CPU
		{6BF4E85F-5E87-4C1C-8E76-9C0AAF394C7F}.Release|Any CPU.ActiveCfg = Release|Any CPU
		{6BF4E85F-5E87-4C1C-8E76-9C0AAF394C7F}.Release|Any CPU.Build.0 = Release|Any CPU
		{854B360C-70B7-4B08-94DB-26E0476A1A8A}.Debug|Any CPU.ActiveCfg = Debug|Any CPU
		{854B360C-70B7-4B08-94DB-26E0476A1A8A}.Debug|Any CPU.Build.0 = Debug|Any CPU
		{854B360C-70B7-4B08-94DB-26E0476A1A8A}.Release|Any CPU.ActiveCfg = Release|Any CPU
		{854B360C-70B7-4B08-94DB-26E0476A1A8A}.Release|Any CPU.Build.0 = Release|Any CPU
		{86B4D0B3-FE8A-4745-92D9-64B6A02E8829}.Debug|Any CPU.ActiveCfg = Debug|Any CPU
		{86B4D0B3-FE8A-4745-92D9-64B6A02E8829}.Debug|Any CPU.Build.0 = Debug|Any CPU
		{86B4D0B3-FE8A-4745-92D9-64B6A02E8829}.Release|Any CPU.ActiveCfg = Release|Any CPU
		{86B4D0B3-FE8A-4745-92D9-64B6A02E8829}.Release|Any CPU.Build.0 = Release|Any CPU
		{2C996FC2-ED03-49E3-9A02-4CDFB58CBE24}.Debug|Any CPU.ActiveCfg = Debug|Any CPU
		{2C996FC2-ED03-49E3-9A02-4CDFB58CBE24}.Debug|Any CPU.Build.0 = Debug|Any CPU
		{2C996FC2-ED03-49E3-9A02-4CDFB58CBE24}.Release|Any CPU.ActiveCfg = Release|Any CPU
		{2C996FC2-ED03-49E3-9A02-4CDFB58CBE24}.Release|Any CPU.Build.0 = Release|Any CPU
		{33131A48-C429-4BD2-94DB-FFAE885909E8}.Debug|Any CPU.ActiveCfg = Debug|Any CPU
		{33131A48-C429-4BD2-94DB-FFAE885909E8}.Debug|Any CPU.Build.0 = Debug|Any CPU
		{33131A48-C429-4BD2-94DB-FFAE885909E8}.Release|Any CPU.ActiveCfg = Release|Any CPU
		{33131A48-C429-4BD2-94DB-FFAE885909E8}.Release|Any CPU.Build.0 = Release|Any CPU
		{15264364-A71C-4826-9EF6-B4A3970FC5A4}.Debug|Any CPU.ActiveCfg = Debug|Any CPU
		{15264364-A71C-4826-9EF6-B4A3970FC5A4}.Debug|Any CPU.Build.0 = Debug|Any CPU
		{15264364-A71C-4826-9EF6-B4A3970FC5A4}.Release|Any CPU.ActiveCfg = Release|Any CPU
		{15264364-A71C-4826-9EF6-B4A3970FC5A4}.Release|Any CPU.Build.0 = Release|Any CPU
		{31B8CDFB-4EF7-4E69-A03C-93527D45CC78}.Debug|Any CPU.ActiveCfg = Debug|Any CPU
		{31B8CDFB-4EF7-4E69-A03C-93527D45CC78}.Debug|Any CPU.Build.0 = Debug|Any CPU
		{31B8CDFB-4EF7-4E69-A03C-93527D45CC78}.Release|Any CPU.ActiveCfg = Release|Any CPU
		{31B8CDFB-4EF7-4E69-A03C-93527D45CC78}.Release|Any CPU.Build.0 = Release|Any CPU
		{5CC9F290-F44C-49E7-9761-A3EB51B2DE02}.Debug|Any CPU.ActiveCfg = Debug|Any CPU
		{5CC9F290-F44C-49E7-9761-A3EB51B2DE02}.Debug|Any CPU.Build.0 = Debug|Any CPU
		{5CC9F290-F44C-49E7-9761-A3EB51B2DE02}.Release|Any CPU.ActiveCfg = Release|Any CPU
		{5CC9F290-F44C-49E7-9761-A3EB51B2DE02}.Release|Any CPU.Build.0 = Release|Any CPU
		{C5C92A27-B7D3-4F77-AB4F-6531CFE9496C}.Debug|Any CPU.ActiveCfg = Debug|Any CPU
		{C5C92A27-B7D3-4F77-AB4F-6531CFE9496C}.Debug|Any CPU.Build.0 = Debug|Any CPU
		{C5C92A27-B7D3-4F77-AB4F-6531CFE9496C}.Release|Any CPU.ActiveCfg = Release|Any CPU
		{C5C92A27-B7D3-4F77-AB4F-6531CFE9496C}.Release|Any CPU.Build.0 = Release|Any CPU
		{5FEA3897-A725-42EA-B1D9-05682D1F9522}.Debug|Any CPU.ActiveCfg = Debug|Any CPU
		{5FEA3897-A725-42EA-B1D9-05682D1F9522}.Debug|Any CPU.Build.0 = Debug|Any CPU
		{5FEA3897-A725-42EA-B1D9-05682D1F9522}.Release|Any CPU.ActiveCfg = Release|Any CPU
		{5FEA3897-A725-42EA-B1D9-05682D1F9522}.Release|Any CPU.Build.0 = Release|Any CPU
		{7C06BE1A-C948-4EF5-8ECF-035D21796FB7}.Debug|Any CPU.ActiveCfg = Debug|Any CPU
		{7C06BE1A-C948-4EF5-8ECF-035D21796FB7}.Debug|Any CPU.Build.0 = Debug|Any CPU
		{7C06BE1A-C948-4EF5-8ECF-035D21796FB7}.Release|Any CPU.ActiveCfg = Release|Any CPU
		{7C06BE1A-C948-4EF5-8ECF-035D21796FB7}.Release|Any CPU.Build.0 = Release|Any CPU
		{6568EF72-86DA-4798-A8AB-139FBA698FA8}.Debug|Any CPU.ActiveCfg = Debug|Any CPU
		{6568EF72-86DA-4798-A8AB-139FBA698FA8}.Debug|Any CPU.Build.0 = Debug|Any CPU
		{6568EF72-86DA-4798-A8AB-139FBA698FA8}.Release|Any CPU.ActiveCfg = Release|Any CPU
		{6568EF72-86DA-4798-A8AB-139FBA698FA8}.Release|Any CPU.Build.0 = Release|Any CPU
		{91832CA9-81BB-40D7-B0AA-695BCCF10CF4}.Debug|Any CPU.ActiveCfg = Debug|Any CPU
		{91832CA9-81BB-40D7-B0AA-695BCCF10CF4}.Debug|Any CPU.Build.0 = Debug|Any CPU
		{91832CA9-81BB-40D7-B0AA-695BCCF10CF4}.Release|Any CPU.ActiveCfg = Release|Any CPU
		{91832CA9-81BB-40D7-B0AA-695BCCF10CF4}.Release|Any CPU.Build.0 = Release|Any CPU
		{8FD7F5AA-6616-4873-A949-6355DEE820E9}.Debug|Any CPU.ActiveCfg = Debug|Any CPU
		{8FD7F5AA-6616-4873-A949-6355DEE820E9}.Debug|Any CPU.Build.0 = Debug|Any CPU
		{8FD7F5AA-6616-4873-A949-6355DEE820E9}.Release|Any CPU.ActiveCfg = Release|Any CPU
		{8FD7F5AA-6616-4873-A949-6355DEE820E9}.Release|Any CPU.Build.0 = Release|Any CPU
		{11766D2C-93CE-44AC-BEF6-2CD9A098B623}.Debug|Any CPU.ActiveCfg = Debug|Any CPU
		{11766D2C-93CE-44AC-BEF6-2CD9A098B623}.Debug|Any CPU.Build.0 = Debug|Any CPU
		{11766D2C-93CE-44AC-BEF6-2CD9A098B623}.Release|Any CPU.ActiveCfg = Release|Any CPU
		{11766D2C-93CE-44AC-BEF6-2CD9A098B623}.Release|Any CPU.Build.0 = Release|Any CPU
		{54AF8E19-CF2B-4700-A921-1E6B132AD21C}.Debug|Any CPU.ActiveCfg = Debug|Any CPU
		{54AF8E19-CF2B-4700-A921-1E6B132AD21C}.Debug|Any CPU.Build.0 = Debug|Any CPU
		{54AF8E19-CF2B-4700-A921-1E6B132AD21C}.Release|Any CPU.ActiveCfg = Release|Any CPU
		{54AF8E19-CF2B-4700-A921-1E6B132AD21C}.Release|Any CPU.Build.0 = Release|Any CPU
	EndGlobalSection
	GlobalSection(SolutionProperties) = preSolution
		HideSolutionNode = FALSE
	EndGlobalSection
	GlobalSection(NestedProjects) = preSolution
		{5F06527A-3D58-434D-88D7-B0CF50A9E708} = {B340D76E-6611-484B-AAE6-B15B66ACC7D1}
		{237B6199-D56D-4282-9E1D-6E005C2769C3} = {B340D76E-6611-484B-AAE6-B15B66ACC7D1}
		{B340D76E-6611-484B-AAE6-B15B66ACC7D1} = {61FE4416-B352-467C-B5BA-6E2128FDB56E}
		{A7A96DC1-D010-4AA1-95DE-CC3E4D0379D5} = {CD90935C-B7B2-4C82-994E-A25A9807DD17}
		{CD90935C-B7B2-4C82-994E-A25A9807DD17} = {61FE4416-B352-467C-B5BA-6E2128FDB56E}
		{98BF6B39-5588-4AE8-9424-E3CBB7D0CFCD} = {CD90935C-B7B2-4C82-994E-A25A9807DD17}
		{4AB14AFF-1983-4AE2-902F-CE98D253D9EE} = {F93CA537-2058-4944-B19F-39F568F4F4BB}
		{F93CA537-2058-4944-B19F-39F568F4F4BB} = {61FE4416-B352-467C-B5BA-6E2128FDB56E}
		{5242AB63-196B-4C33-AD8D-75BF98945C1A} = {F93CA537-2058-4944-B19F-39F568F4F4BB}
		{7460CDD4-9664-4B92-85E7-A21A04518B20} = {F93CA537-2058-4944-B19F-39F568F4F4BB}
		{A8C6B7C5-426D-402F-884F-4FB8DC9FC8FA} = {F93CA537-2058-4944-B19F-39F568F4F4BB}
		{590AC033-3326-4E59-9E5C-FA17827CE276} = {F93CA537-2058-4944-B19F-39F568F4F4BB}
		{676024FA-E9CC-4AD1-A6B2-BF39F5DF8400} = {867BFBCB-5E38-4AF1-8F86-A96DF0AF0C30}
		{867BFBCB-5E38-4AF1-8F86-A96DF0AF0C30} = {61FE4416-B352-467C-B5BA-6E2128FDB56E}
		{45A3319F-5C99-426E-81AC-0A62BAE96BD8} = {867BFBCB-5E38-4AF1-8F86-A96DF0AF0C30}
		{AABE2139-7E54-4736-ABAF-90D671EC53C5} = {B3ADE248-E9F9-450A-93D0-543C15F281DB}
		{B3ADE248-E9F9-450A-93D0-543C15F281DB} = {61FE4416-B352-467C-B5BA-6E2128FDB56E}
		{8A43C5FB-69C6-4E3A-AF2B-05E7C6FACFBF} = {B3ADE248-E9F9-450A-93D0-543C15F281DB}
		{F056DD52-9693-46F7-97AC-39ED872D5A6F} = {D74B72AD-F9F9-4DD2-91BB-695E368DFA46}
		{C78A779F-C0BF-47F3-99D8-189BABC50DE4} = {D74B72AD-F9F9-4DD2-91BB-695E368DFA46}
		{D74B72AD-F9F9-4DD2-91BB-695E368DFA46} = {5BF6F4C9-95A6-4426-BBAF-061DEB86A06C}
		{1D3B5A7C-BE27-44B4-BB19-7495C26CD0ED} = {00B78E5B-2E9B-410B-9BF5-188D0077F734}
		{692CAABD-2737-43E2-89BF-8597C3ADD31B} = {00B78E5B-2E9B-410B-9BF5-188D0077F734}
		{00B78E5B-2E9B-410B-9BF5-188D0077F734} = {5BF6F4C9-95A6-4426-BBAF-061DEB86A06C}
		{CB572977-D028-4028-9EB9-5AAD2B5306B5} = {50CE980D-A140-442C-BB1F-A77E059E4EA4}
		{50CE980D-A140-442C-BB1F-A77E059E4EA4} = {5BF6F4C9-95A6-4426-BBAF-061DEB86A06C}
		{14C866F4-7668-466D-9CC0-F4CA60BED5D4} = {50CE980D-A140-442C-BB1F-A77E059E4EA4}
		{7F44E949-CCC1-4A64-A346-2016719C6A7B} = {72523245-F046-46DF-BA4B-2590A8AC558C}
		{98C445CE-65EB-4376-B4F8-6DFF9EA97046} = {72523245-F046-46DF-BA4B-2590A8AC558C}
		{6BF4E85F-5E87-4C1C-8E76-9C0AAF394C7F} = {68C1DBF1-FB90-4EF4-A962-86307F684020}
		{72523245-F046-46DF-BA4B-2590A8AC558C} = {5BF6F4C9-95A6-4426-BBAF-061DEB86A06C}
		{854B360C-70B7-4B08-94DB-26E0476A1A8A} = {68C1DBF1-FB90-4EF4-A962-86307F684020}
		{68C1DBF1-FB90-4EF4-A962-86307F684020} = {5BF6F4C9-95A6-4426-BBAF-061DEB86A06C}
		{86B4D0B3-FE8A-4745-92D9-64B6A02E8829} = {9270A24D-91AE-43E2-AE98-D649520F73F4}
		{2C996FC2-ED03-49E3-9A02-4CDFB58CBE24} = {9270A24D-91AE-43E2-AE98-D649520F73F4}
		{9270A24D-91AE-43E2-AE98-D649520F73F4} = {5BF6F4C9-95A6-4426-BBAF-061DEB86A06C}
		{33131A48-C429-4BD2-94DB-FFAE885909E8} = {154466B9-AA65-478A-8482-43E48827141B}
		{15264364-A71C-4826-9EF6-B4A3970FC5A4} = {154466B9-AA65-478A-8482-43E48827141B}
		{154466B9-AA65-478A-8482-43E48827141B} = {5BF6F4C9-95A6-4426-BBAF-061DEB86A06C}
		{31B8CDFB-4EF7-4E69-A03C-93527D45CC78} = {CD7B35AF-A068-4812-88F9-9F0D0BE35B13}
		{5CC9F290-F44C-49E7-9761-A3EB51B2DE02} = {CD7B35AF-A068-4812-88F9-9F0D0BE35B13}
	EndGlobalSection
	GlobalSection(ExtensibilityGlobals) = postSolution
		SolutionGuid = {6C846532-63A0-40FD-AC42-62885E226E63}
	EndGlobalSection
EndGlobal
