
Microsoft Visual Studio Solution File, Format Version 12.00
# Visual Studio Version 16
VisualStudioVersion = 16.0.30011.22
MinimumVisualStudioVersion = 10.0.40219.1
Project("{9A19103F-16F7-4668-BE54-9A1E7A4F7556}") = "SingletonPatternEx1", "SingletonPatternEx1\SingletonPatternEx1.csproj", "{5F06527A-3D58-434D-88D7-B0CF50A9E708}"
EndProject
Project("{9A19103F-16F7-4668-BE54-9A1E7A4F7556}") = "SingletonPatternEx2", "SingletonPatternEx2\SingletonPatternEx2.csproj", "{237B6199-D56D-4282-9E1D-6E005C2769C3}"
EndProject
Project("{2150E333-8FDC-42A3-9474-1A3956D46DE8}") = "SingletonPattern", "SingletonPattern", "{B340D76E-6611-484B-AAE6-B15B66ACC7D1}"
EndProject
Project("{9A19103F-16F7-4668-BE54-9A1E7A4F7556}") = "AbstractFactoryExa1", "AbstractFactoryExa1\AbstractFactoryExa1.csproj", "{A7A96DC1-D010-4AA1-95DE-CC3E4D0379D5}"
EndProject
Project("{2150E333-8FDC-42A3-9474-1A3956D46DE8}") = "AbstractFactory", "AbstractFactory", "{CD90935C-B7B2-4C82-994E-A25A9807DD17}"
EndProject
Project("{9A19103F-16F7-4668-BE54-9A1E7A4F7556}") = "AbstractFactoryExa2", "AbstractFactoryExa2\AbstractFactoryExa2.csproj", "{98BF6B39-5588-4AE8-9424-E3CBB7D0CFCD}"
EndProject
Project("{9A19103F-16F7-4668-BE54-9A1E7A4F7556}") = "BuilderPatternExa1", "BuilderPatternExa1\BuilderPatternExa1.csproj", "{4AB14AFF-1983-4AE2-902F-CE98D253D9EE}"
EndProject
Project("{2150E333-8FDC-42A3-9474-1A3956D46DE8}") = "BuilderPattern", "BuilderPattern", "{F93CA537-2058-4944-B19F-39F568F4F4BB}"
EndProject
Project("{9A19103F-16F7-4668-BE54-9A1E7A4F7556}") = "BuilderExa2", "Builder\BuilderExa2.csproj", "{5242AB63-196B-4C33-AD8D-75BF98945C1A}"
EndProject
Project("{9A19103F-16F7-4668-BE54-9A1E7A4F7556}") = "BuilderPatternExa3", "BuilderPatternExa3\BuilderPatternExa3.csproj", "{7460CDD4-9664-4B92-85E7-A21A04518B20}"
EndProject
Project("{9A19103F-16F7-4668-BE54-9A1E7A4F7556}") = "BuilderPatternExa4", "BuilderPatternExa4\BuilderPatternExa4.csproj", "{A8C6B7C5-426D-402F-884F-4FB8DC9FC8FA}"
EndProject
Project("{9A19103F-16F7-4668-BE54-9A1E7A4F7556}") = "BuildPatternExa5", "BuildPatternExa5\BuildPatternExa5.csproj", "{590AC033-3326-4E59-9E5C-FA17827CE276}"
EndProject
Project("{FAE04EC0-301F-11D3-BF4B-00C04F79EFBC}") = "FactoryMethodExa1", "FactoryMethodExa1\FactoryMethodExa1.csproj", "{676024FA-E9CC-4AD1-A6B2-BF39F5DF8400}"
EndProject
Project("{2150E333-8FDC-42A3-9474-1A3956D46DE8}") = "FactoryMethod", "FactoryMethod", "{867BFBCB-5E38-4AF1-8F86-A96DF0AF0C30}"
EndProject
Project("{FAE04EC0-301F-11D3-BF4B-00C04F79EFBC}") = "FactoryMethodExa2", "FactoryMethodExa2\FactoryMethodExa2.csproj", "{45A3319F-5C99-426E-81AC-0A62BAE96BD8}"
EndProject
Project("{FAE04EC0-301F-11D3-BF4B-00C04F79EFBC}") = "PrototypeExa1", "PrototypeExa1\PrototypeExa1.csproj", "{AABE2139-7E54-4736-ABAF-90D671EC53C5}"
EndProject
Project("{2150E333-8FDC-42A3-9474-1A3956D46DE8}") = "Prototype", "Prototype", "{B3ADE248-E9F9-450A-93D0-543C15F281DB}"
EndProject
Project("{FAE04EC0-301F-11D3-BF4B-00C04F79EFBC}") = "PrototypeExa2", "PrototypeExa2\PrototypeExa2.csproj", "{8A43C5FB-69C6-4E3A-AF2B-05E7C6FACFBF}"
EndProject
Global
	GlobalSection(SolutionConfigurationPlatforms) = preSolution
		Debug|Any CPU = Debug|Any CPU
		Release|Any CPU = Release|Any CPU
	EndGlobalSection
	GlobalSection(ProjectConfigurationPlatforms) = postSolution
		{5F06527A-3D58-434D-88D7-B0CF50A9E708}.Debug|Any CPU.ActiveCfg = Debug|Any CPU
		{5F06527A-3D58-434D-88D7-B0CF50A9E708}.Debug|Any CPU.Build.0 = Debug|Any CPU
		{5F06527A-3D58-434D-88D7-B0CF50A9E708}.Release|Any CPU.ActiveCfg = Release|Any CPU
		{5F06527A-3D58-434D-88D7-B0CF50A9E708}.Release|Any CPU.Build.0 = Release|Any CPU
		{237B6199-D56D-4282-9E1D-6E005C2769C3}.Debug|Any CPU.ActiveCfg = Debug|Any CPU
		{237B6199-D56D-4282-9E1D-6E005C2769C3}.Debug|Any CPU.Build.0 = Debug|Any CPU
		{237B6199-D56D-4282-9E1D-6E005C2769C3}.Release|Any CPU.ActiveCfg = Release|Any CPU
		{237B6199-D56D-4282-9E1D-6E005C2769C3}.Release|Any CPU.Build.0 = Release|Any CPU
		{A7A96DC1-D010-4AA1-95DE-CC3E4D0379D5}.Debug|Any CPU.ActiveCfg = Debug|Any CPU
		{A7A96DC1-D010-4AA1-95DE-CC3E4D0379D5}.Debug|Any CPU.Build.0 = Debug|Any CPU
		{A7A96DC1-D010-4AA1-95DE-CC3E4D0379D5}.Release|Any CPU.ActiveCfg = Release|Any CPU
		{A7A96DC1-D010-4AA1-95DE-CC3E4D0379D5}.Release|Any CPU.Build.0 = Release|Any CPU
		{98BF6B39-5588-4AE8-9424-E3CBB7D0CFCD}.Debug|Any CPU.ActiveCfg = Debug|Any CPU
		{98BF6B39-5588-4AE8-9424-E3CBB7D0CFCD}.Debug|Any CPU.Build.0 = Debug|Any CPU
		{98BF6B39-5588-4AE8-9424-E3CBB7D0CFCD}.Release|Any CPU.ActiveCfg = Release|Any CPU
		{98BF6B39-5588-4AE8-9424-E3CBB7D0CFCD}.Release|Any CPU.Build.0 = Release|Any CPU
		{4AB14AFF-1983-4AE2-902F-CE98D253D9EE}.Debug|Any CPU.ActiveCfg = Debug|Any CPU
		{4AB14AFF-1983-4AE2-902F-CE98D253D9EE}.Debug|Any CPU.Build.0 = Debug|Any CPU
		{4AB14AFF-1983-4AE2-902F-CE98D253D9EE}.Release|Any CPU.ActiveCfg = Release|Any CPU
		{4AB14AFF-1983-4AE2-902F-CE98D253D9EE}.Release|Any CPU.Build.0 = Release|Any CPU
		{5242AB63-196B-4C33-AD8D-75BF98945C1A}.Debug|Any CPU.ActiveCfg = Debug|Any CPU
		{5242AB63-196B-4C33-AD8D-75BF98945C1A}.Debug|Any CPU.Build.0 = Debug|Any CPU
		{5242AB63-196B-4C33-AD8D-75BF98945C1A}.Release|Any CPU.ActiveCfg = Release|Any CPU
		{5242AB63-196B-4C33-AD8D-75BF98945C1A}.Release|Any CPU.Build.0 = Release|Any CPU
		{7460CDD4-9664-4B92-85E7-A21A04518B20}.Debug|Any CPU.ActiveCfg = Debug|Any CPU
		{7460CDD4-9664-4B92-85E7-A21A04518B20}.Debug|Any CPU.Build.0 = Debug|Any CPU
		{7460CDD4-9664-4B92-85E7-A21A04518B20}.Release|Any CPU.ActiveCfg = Release|Any CPU
		{7460CDD4-9664-4B92-85E7-A21A04518B20}.Release|Any CPU.Build.0 = Release|Any CPU
		{A8C6B7C5-426D-402F-884F-4FB8DC9FC8FA}.Debug|Any CPU.ActiveCfg = Debug|Any CPU
		{A8C6B7C5-426D-402F-884F-4FB8DC9FC8FA}.Debug|Any CPU.Build.0 = Debug|Any CPU
		{A8C6B7C5-426D-402F-884F-4FB8DC9FC8FA}.Release|Any CPU.ActiveCfg = Release|Any CPU
		{A8C6B7C5-426D-402F-884F-4FB8DC9FC8FA}.Release|Any CPU.Build.0 = Release|Any CPU
		{590AC033-3326-4E59-9E5C-FA17827CE276}.Debug|Any CPU.ActiveCfg = Debug|Any CPU
		{590AC033-3326-4E59-9E5C-FA17827CE276}.Debug|Any CPU.Build.0 = Debug|Any CPU
		{590AC033-3326-4E59-9E5C-FA17827CE276}.Release|Any CPU.ActiveCfg = Release|Any CPU
		{590AC033-3326-4E59-9E5C-FA17827CE276}.Release|Any CPU.Build.0 = Release|Any CPU
		{676024FA-E9CC-4AD1-A6B2-BF39F5DF8400}.Debug|Any CPU.ActiveCfg = Debug|Any CPU
		{676024FA-E9CC-4AD1-A6B2-BF39F5DF8400}.Debug|Any CPU.Build.0 = Debug|Any CPU
		{676024FA-E9CC-4AD1-A6B2-BF39F5DF8400}.Release|Any CPU.ActiveCfg = Release|Any CPU
		{676024FA-E9CC-4AD1-A6B2-BF39F5DF8400}.Release|Any CPU.Build.0 = Release|Any CPU
		{45A3319F-5C99-426E-81AC-0A62BAE96BD8}.Debug|Any CPU.ActiveCfg = Debug|Any CPU
		{45A3319F-5C99-426E-81AC-0A62BAE96BD8}.Debug|Any CPU.Build.0 = Debug|Any CPU
		{45A3319F-5C99-426E-81AC-0A62BAE96BD8}.Release|Any CPU.ActiveCfg = Release|Any CPU
		{45A3319F-5C99-426E-81AC-0A62BAE96BD8}.Release|Any CPU.Build.0 = Release|Any CPU
		{AABE2139-7E54-4736-ABAF-90D671EC53C5}.Debug|Any CPU.ActiveCfg = Debug|Any CPU
		{AABE2139-7E54-4736-ABAF-90D671EC53C5}.Debug|Any CPU.Build.0 = Debug|Any CPU
		{AABE2139-7E54-4736-ABAF-90D671EC53C5}.Release|Any CPU.ActiveCfg = Release|Any CPU
		{AABE2139-7E54-4736-ABAF-90D671EC53C5}.Release|Any CPU.Build.0 = Release|Any CPU
		{8A43C5FB-69C6-4E3A-AF2B-05E7C6FACFBF}.Debug|Any CPU.ActiveCfg = Debug|Any CPU
		{8A43C5FB-69C6-4E3A-AF2B-05E7C6FACFBF}.Debug|Any CPU.Build.0 = Debug|Any CPU
		{8A43C5FB-69C6-4E3A-AF2B-05E7C6FACFBF}.Release|Any CPU.ActiveCfg = Release|Any CPU
		{8A43C5FB-69C6-4E3A-AF2B-05E7C6FACFBF}.Release|Any CPU.Build.0 = Release|Any CPU
	EndGlobalSection
	GlobalSection(SolutionProperties) = preSolution
		HideSolutionNode = FALSE
	EndGlobalSection
	GlobalSection(NestedProjects) = preSolution
		{5F06527A-3D58-434D-88D7-B0CF50A9E708} = {B340D76E-6611-484B-AAE6-B15B66ACC7D1}
		{237B6199-D56D-4282-9E1D-6E005C2769C3} = {B340D76E-6611-484B-AAE6-B15B66ACC7D1}
		{A7A96DC1-D010-4AA1-95DE-CC3E4D0379D5} = {CD90935C-B7B2-4C82-994E-A25A9807DD17}
		{98BF6B39-5588-4AE8-9424-E3CBB7D0CFCD} = {CD90935C-B7B2-4C82-994E-A25A9807DD17}
		{4AB14AFF-1983-4AE2-902F-CE98D253D9EE} = {F93CA537-2058-4944-B19F-39F568F4F4BB}
		{5242AB63-196B-4C33-AD8D-75BF98945C1A} = {F93CA537-2058-4944-B19F-39F568F4F4BB}
		{7460CDD4-9664-4B92-85E7-A21A04518B20} = {F93CA537-2058-4944-B19F-39F568F4F4BB}
		{A8C6B7C5-426D-402F-884F-4FB8DC9FC8FA} = {F93CA537-2058-4944-B19F-39F568F4F4BB}
		{590AC033-3326-4E59-9E5C-FA17827CE276} = {F93CA537-2058-4944-B19F-39F568F4F4BB}
		{676024FA-E9CC-4AD1-A6B2-BF39F5DF8400} = {867BFBCB-5E38-4AF1-8F86-A96DF0AF0C30}
		{45A3319F-5C99-426E-81AC-0A62BAE96BD8} = {867BFBCB-5E38-4AF1-8F86-A96DF0AF0C30}
		{AABE2139-7E54-4736-ABAF-90D671EC53C5} = {B3ADE248-E9F9-450A-93D0-543C15F281DB}
		{8A43C5FB-69C6-4E3A-AF2B-05E7C6FACFBF} = {B3ADE248-E9F9-450A-93D0-543C15F281DB}
	EndGlobalSection
	GlobalSection(ExtensibilityGlobals) = postSolution
		SolutionGuid = {6C846532-63A0-40FD-AC42-62885E226E63}
	EndGlobalSection
EndGlobal
