
Microsoft Visual Studio Solution File, Format Version 12.00
# Visual Studio Version 16
VisualStudioVersion = 16.0.30011.22
MinimumVisualStudioVersion = 10.0.40219.1
Project("{FAE04EC0-301F-11D3-BF4B-00C04F79EFBC}") = "SingletonPatternEx1", "SingletonPatternEx1\SingletonPatternEx1.csproj", "{5F06527A-3D58-434D-88D7-B0CF50A9E708}"
EndProject
Global
	GlobalSection(SolutionConfigurationPlatforms) = preSolution
		Debug|Any CPU = Debug|Any CPU
		Release|Any CPU = Release|Any CPU
	EndGlobalSection
	GlobalSection(ProjectConfigurationPlatforms) = postSolution
		{5F06527A-3D58-434D-88D7-B0CF50A9E708}.Debug|Any CPU.ActiveCfg = Debug|Any CPU
		{5F06527A-3D58-434D-88D7-B0CF50A9E708}.Debug|Any CPU.Build.0 = Debug|Any CPU
		{5F06527A-3D58-434D-88D7-B0CF50A9E708}.Release|Any CPU.ActiveCfg = Release|Any CPU
		{5F06527A-3D58-434D-88D7-B0CF50A9E708}.Release|Any CPU.Build.0 = Release|Any CPU
	EndGlobalSection
	GlobalSection(SolutionProperties) = preSolution
		HideSolutionNode = FALSE
	EndGlobalSection
	GlobalSection(ExtensibilityGlobals) = postSolution
		SolutionGuid = {6C846532-63A0-40FD-AC42-62885E226E63}
	EndGlobalSection
EndGlobal
